
Microsoft Visual Studio Solution File, Format Version 12.00
# Visual Studio 14
VisualStudioVersion = 14.0.25420.1
MinimumVisualStudioVersion = 10.0.40219.1
Project("{FAE04EC0-301F-11D3-BF4B-00C04F79EFBC}") = "MOB.XF.MVVMBasic.Droid", "MOB.XF.MVVMBasic\MOB.XF.MVVMBasic.Droid\MOB.XF.MVVMBasic.Droid.csproj", "{B3203FF0-0EA7-48B4-A32D-02F7A50A43BF}"
EndProject
Project("{FAE04EC0-301F-11D3-BF4B-00C04F79EFBC}") = "MOB.XF.MVVMBasic.iOS", "MOB.XF.MVVMBasic\MOB.XF.MVVMBasic.iOS\MOB.XF.MVVMBasic.iOS.csproj", "{9695C41F-387A-43F4-842F-820509A6E98F}"
EndProject
Project("{FAE04EC0-301F-11D3-BF4B-00C04F79EFBC}") = "MOB.XF.MVVMBasic.WinPhone", "MOB.XF.MVVMBasic\MOB.XF.MVVMBasic.WinPhone\MOB.XF.MVVMBasic.WinPhone.csproj", "{A97C1F25-47F0-4C68-9FD6-975F696BB452}"
EndProject
Project("{FAE04EC0-301F-11D3-BF4B-00C04F79EFBC}") = "MOB.XF.MVVMBasic.UWP", "MOB.XF.MVVMBasic\MOB.XF.MVVMBasic.UWP\MOB.XF.MVVMBasic.UWP.csproj", "{2E491A20-BB05-4DFF-876E-971412D08285}"
EndProject
Project("{FAE04EC0-301F-11D3-BF4B-00C04F79EFBC}") = "MOB.XF.MVVMBasic.Windows", "MOB.XF.MVVMBasic\MOB.XF.MVVMBasic.Windows\MOB.XF.MVVMBasic.Windows.csproj", "{F0F69D16-F66A-44D8-99FD-E4DBD8945FBE}"
EndProject
Project("{FAE04EC0-301F-11D3-BF4B-00C04F79EFBC}") = "MOB.XF.MVVMBasic", "MOB.XF.MVVMBasic\MOB.XF.MVVMBasic\MOB.XF.MVVMBasic.csproj", "{3EB8C1E3-7B52-47BC-8AC1-400A17983988}"
EndProject
Global
	GlobalSection(SolutionConfigurationPlatforms) = preSolution
		Ad-Hoc|Any CPU = Ad-Hoc|Any CPU
		Ad-Hoc|ARM = Ad-Hoc|ARM
		Ad-Hoc|iPhone = Ad-Hoc|iPhone
		Ad-Hoc|iPhoneSimulator = Ad-Hoc|iPhoneSimulator
		Ad-Hoc|x64 = Ad-Hoc|x64
		Ad-Hoc|x86 = Ad-Hoc|x86
		AppStore|Any CPU = AppStore|Any CPU
		AppStore|ARM = AppStore|ARM
		AppStore|iPhone = AppStore|iPhone
		AppStore|iPhoneSimulator = AppStore|iPhoneSimulator
		AppStore|x64 = AppStore|x64
		AppStore|x86 = AppStore|x86
		Debug|Any CPU = Debug|Any CPU
		Debug|ARM = Debug|ARM
		Debug|iPhone = Debug|iPhone
		Debug|iPhoneSimulator = Debug|iPhoneSimulator
		Debug|x64 = Debug|x64
		Debug|x86 = Debug|x86
		Release|Any CPU = Release|Any CPU
		Release|ARM = Release|ARM
		Release|iPhone = Release|iPhone
		Release|iPhoneSimulator = Release|iPhoneSimulator
		Release|x64 = Release|x64
		Release|x86 = Release|x86
	EndGlobalSection
	GlobalSection(ProjectConfigurationPlatforms) = postSolution
		{B3203FF0-0EA7-48B4-A32D-02F7A50A43BF}.Ad-Hoc|Any CPU.ActiveCfg = Release|Any CPU
		{B3203FF0-0EA7-48B4-A32D-02F7A50A43BF}.Ad-Hoc|Any CPU.Build.0 = Release|Any CPU
		{B3203FF0-0EA7-48B4-A32D-02F7A50A43BF}.Ad-Hoc|Any CPU.Deploy.0 = Release|Any CPU
		{B3203FF0-0EA7-48B4-A32D-02F7A50A43BF}.Ad-Hoc|ARM.ActiveCfg = Release|Any CPU
		{B3203FF0-0EA7-48B4-A32D-02F7A50A43BF}.Ad-Hoc|ARM.Build.0 = Release|Any CPU
		{B3203FF0-0EA7-48B4-A32D-02F7A50A43BF}.Ad-Hoc|ARM.Deploy.0 = Release|Any CPU
		{B3203FF0-0EA7-48B4-A32D-02F7A50A43BF}.Ad-Hoc|iPhone.ActiveCfg = Release|Any CPU
		{B3203FF0-0EA7-48B4-A32D-02F7A50A43BF}.Ad-Hoc|iPhone.Build.0 = Release|Any CPU
		{B3203FF0-0EA7-48B4-A32D-02F7A50A43BF}.Ad-Hoc|iPhone.Deploy.0 = Release|Any CPU
		{B3203FF0-0EA7-48B4-A32D-02F7A50A43BF}.Ad-Hoc|iPhoneSimulator.ActiveCfg = Release|Any CPU
		{B3203FF0-0EA7-48B4-A32D-02F7A50A43BF}.Ad-Hoc|iPhoneSimulator.Build.0 = Release|Any CPU
		{B3203FF0-0EA7-48B4-A32D-02F7A50A43BF}.Ad-Hoc|iPhoneSimulator.Deploy.0 = Release|Any CPU
		{B3203FF0-0EA7-48B4-A32D-02F7A50A43BF}.Ad-Hoc|x64.ActiveCfg = Release|Any CPU
		{B3203FF0-0EA7-48B4-A32D-02F7A50A43BF}.Ad-Hoc|x64.Build.0 = Release|Any CPU
		{B3203FF0-0EA7-48B4-A32D-02F7A50A43BF}.Ad-Hoc|x64.Deploy.0 = Release|Any CPU
		{B3203FF0-0EA7-48B4-A32D-02F7A50A43BF}.Ad-Hoc|x86.ActiveCfg = Release|Any CPU
		{B3203FF0-0EA7-48B4-A32D-02F7A50A43BF}.Ad-Hoc|x86.Build.0 = Release|Any CPU
		{B3203FF0-0EA7-48B4-A32D-02F7A50A43BF}.Ad-Hoc|x86.Deploy.0 = Release|Any CPU
		{B3203FF0-0EA7-48B4-A32D-02F7A50A43BF}.AppStore|Any CPU.ActiveCfg = Release|Any CPU
		{B3203FF0-0EA7-48B4-A32D-02F7A50A43BF}.AppStore|Any CPU.Build.0 = Release|Any CPU
		{B3203FF0-0EA7-48B4-A32D-02F7A50A43BF}.AppStore|Any CPU.Deploy.0 = Release|Any CPU
		{B3203FF0-0EA7-48B4-A32D-02F7A50A43BF}.AppStore|ARM.ActiveCfg = Release|Any CPU
		{B3203FF0-0EA7-48B4-A32D-02F7A50A43BF}.AppStore|ARM.Build.0 = Release|Any CPU
		{B3203FF0-0EA7-48B4-A32D-02F7A50A43BF}.AppStore|ARM.Deploy.0 = Release|Any CPU
		{B3203FF0-0EA7-48B4-A32D-02F7A50A43BF}.AppStore|iPhone.ActiveCfg = Release|Any CPU
		{B3203FF0-0EA7-48B4-A32D-02F7A50A43BF}.AppStore|iPhone.Build.0 = Release|Any CPU
		{B3203FF0-0EA7-48B4-A32D-02F7A50A43BF}.AppStore|iPhone.Deploy.0 = Release|Any CPU
		{B3203FF0-0EA7-48B4-A32D-02F7A50A43BF}.AppStore|iPhoneSimulator.ActiveCfg = Release|Any CPU
		{B3203FF0-0EA7-48B4-A32D-02F7A50A43BF}.AppStore|iPhoneSimulator.Build.0 = Release|Any CPU
		{B3203FF0-0EA7-48B4-A32D-02F7A50A43BF}.AppStore|iPhoneSimulator.Deploy.0 = Release|Any CPU
		{B3203FF0-0EA7-48B4-A32D-02F7A50A43BF}.AppStore|x64.ActiveCfg = Release|Any CPU
		{B3203FF0-0EA7-48B4-A32D-02F7A50A43BF}.AppStore|x64.Build.0 = Release|Any CPU
		{B3203FF0-0EA7-48B4-A32D-02F7A50A43BF}.AppStore|x64.Deploy.0 = Release|Any CPU
		{B3203FF0-0EA7-48B4-A32D-02F7A50A43BF}.AppStore|x86.ActiveCfg = Release|Any CPU
		{B3203FF0-0EA7-48B4-A32D-02F7A50A43BF}.AppStore|x86.Build.0 = Release|Any CPU
		{B3203FF0-0EA7-48B4-A32D-02F7A50A43BF}.AppStore|x86.Deploy.0 = Release|Any CPU
		{B3203FF0-0EA7-48B4-A32D-02F7A50A43BF}.Debug|Any CPU.ActiveCfg = Debug|Any CPU
		{B3203FF0-0EA7-48B4-A32D-02F7A50A43BF}.Debug|Any CPU.Build.0 = Debug|Any CPU
		{B3203FF0-0EA7-48B4-A32D-02F7A50A43BF}.Debug|Any CPU.Deploy.0 = Debug|Any CPU
		{B3203FF0-0EA7-48B4-A32D-02F7A50A43BF}.Debug|ARM.ActiveCfg = Debug|Any CPU
		{B3203FF0-0EA7-48B4-A32D-02F7A50A43BF}.Debug|ARM.Build.0 = Debug|Any CPU
		{B3203FF0-0EA7-48B4-A32D-02F7A50A43BF}.Debug|ARM.Deploy.0 = Debug|Any CPU
		{B3203FF0-0EA7-48B4-A32D-02F7A50A43BF}.Debug|iPhone.ActiveCfg = Debug|Any CPU
		{B3203FF0-0EA7-48B4-A32D-02F7A50A43BF}.Debug|iPhone.Build.0 = Debug|Any CPU
		{B3203FF0-0EA7-48B4-A32D-02F7A50A43BF}.Debug|iPhone.Deploy.0 = Debug|Any CPU
		{B3203FF0-0EA7-48B4-A32D-02F7A50A43BF}.Debug|iPhoneSimulator.ActiveCfg = Debug|Any CPU
		{B3203FF0-0EA7-48B4-A32D-02F7A50A43BF}.Debug|iPhoneSimulator.Build.0 = Debug|Any CPU
		{B3203FF0-0EA7-48B4-A32D-02F7A50A43BF}.Debug|iPhoneSimulator.Deploy.0 = Debug|Any CPU
		{B3203FF0-0EA7-48B4-A32D-02F7A50A43BF}.Debug|x64.ActiveCfg = Debug|Any CPU
		{B3203FF0-0EA7-48B4-A32D-02F7A50A43BF}.Debug|x64.Build.0 = Debug|Any CPU
		{B3203FF0-0EA7-48B4-A32D-02F7A50A43BF}.Debug|x64.Deploy.0 = Debug|Any CPU
		{B3203FF0-0EA7-48B4-A32D-02F7A50A43BF}.Debug|x86.ActiveCfg = Debug|Any CPU
		{B3203FF0-0EA7-48B4-A32D-02F7A50A43BF}.Debug|x86.Build.0 = Debug|Any CPU
		{B3203FF0-0EA7-48B4-A32D-02F7A50A43BF}.Debug|x86.Deploy.0 = Debug|Any CPU
		{B3203FF0-0EA7-48B4-A32D-02F7A50A43BF}.Release|Any CPU.ActiveCfg = Release|Any CPU
		{B3203FF0-0EA7-48B4-A32D-02F7A50A43BF}.Release|Any CPU.Build.0 = Release|Any CPU
		{B3203FF0-0EA7-48B4-A32D-02F7A50A43BF}.Release|Any CPU.Deploy.0 = Release|Any CPU
		{B3203FF0-0EA7-48B4-A32D-02F7A50A43BF}.Release|ARM.ActiveCfg = Release|Any CPU
		{B3203FF0-0EA7-48B4-A32D-02F7A50A43BF}.Release|ARM.Build.0 = Release|Any CPU
		{B3203FF0-0EA7-48B4-A32D-02F7A50A43BF}.Release|ARM.Deploy.0 = Release|Any CPU
		{B3203FF0-0EA7-48B4-A32D-02F7A50A43BF}.Release|iPhone.ActiveCfg = Release|Any CPU
		{B3203FF0-0EA7-48B4-A32D-02F7A50A43BF}.Release|iPhone.Build.0 = Release|Any CPU
		{B3203FF0-0EA7-48B4-A32D-02F7A50A43BF}.Release|iPhone.Deploy.0 = Release|Any CPU
		{B3203FF0-0EA7-48B4-A32D-02F7A50A43BF}.Release|iPhoneSimulator.ActiveCfg = Release|Any CPU
		{B3203FF0-0EA7-48B4-A32D-02F7A50A43BF}.Release|iPhoneSimulator.Build.0 = Release|Any CPU
		{B3203FF0-0EA7-48B4-A32D-02F7A50A43BF}.Release|iPhoneSimulator.Deploy.0 = Release|Any CPU
		{B3203FF0-0EA7-48B4-A32D-02F7A50A43BF}.Release|x64.ActiveCfg = Release|Any CPU
		{B3203FF0-0EA7-48B4-A32D-02F7A50A43BF}.Release|x64.Build.0 = Release|Any CPU
		{B3203FF0-0EA7-48B4-A32D-02F7A50A43BF}.Release|x64.Deploy.0 = Release|Any CPU
		{B3203FF0-0EA7-48B4-A32D-02F7A50A43BF}.Release|x86.ActiveCfg = Release|Any CPU
		{B3203FF0-0EA7-48B4-A32D-02F7A50A43BF}.Release|x86.Build.0 = Release|Any CPU
		{B3203FF0-0EA7-48B4-A32D-02F7A50A43BF}.Release|x86.Deploy.0 = Release|Any CPU
		{9695C41F-387A-43F4-842F-820509A6E98F}.Ad-Hoc|Any CPU.ActiveCfg = Ad-Hoc|iPhone
		{9695C41F-387A-43F4-842F-820509A6E98F}.Ad-Hoc|ARM.ActiveCfg = Ad-Hoc|iPhone
		{9695C41F-387A-43F4-842F-820509A6E98F}.Ad-Hoc|iPhone.ActiveCfg = Ad-Hoc|iPhone
		{9695C41F-387A-43F4-842F-820509A6E98F}.Ad-Hoc|iPhone.Build.0 = Ad-Hoc|iPhone
		{9695C41F-387A-43F4-842F-820509A6E98F}.Ad-Hoc|iPhoneSimulator.ActiveCfg = Ad-Hoc|iPhoneSimulator
		{9695C41F-387A-43F4-842F-820509A6E98F}.Ad-Hoc|iPhoneSimulator.Build.0 = Ad-Hoc|iPhoneSimulator
		{9695C41F-387A-43F4-842F-820509A6E98F}.Ad-Hoc|x64.ActiveCfg = Ad-Hoc|iPhone
		{9695C41F-387A-43F4-842F-820509A6E98F}.Ad-Hoc|x86.ActiveCfg = Ad-Hoc|iPhone
		{9695C41F-387A-43F4-842F-820509A6E98F}.AppStore|Any CPU.ActiveCfg = AppStore|iPhone
		{9695C41F-387A-43F4-842F-820509A6E98F}.AppStore|ARM.ActiveCfg = AppStore|iPhone
		{9695C41F-387A-43F4-842F-820509A6E98F}.AppStore|iPhone.ActiveCfg = AppStore|iPhone
		{9695C41F-387A-43F4-842F-820509A6E98F}.AppStore|iPhone.Build.0 = AppStore|iPhone
		{9695C41F-387A-43F4-842F-820509A6E98F}.AppStore|iPhoneSimulator.ActiveCfg = AppStore|iPhoneSimulator
		{9695C41F-387A-43F4-842F-820509A6E98F}.AppStore|iPhoneSimulator.Build.0 = AppStore|iPhoneSimulator
		{9695C41F-387A-43F4-842F-820509A6E98F}.AppStore|x64.ActiveCfg = AppStore|iPhone
		{9695C41F-387A-43F4-842F-820509A6E98F}.AppStore|x86.ActiveCfg = AppStore|iPhone
		{9695C41F-387A-43F4-842F-820509A6E98F}.Debug|Any CPU.ActiveCfg = Debug|iPhone
		{9695C41F-387A-43F4-842F-820509A6E98F}.Debug|ARM.ActiveCfg = Debug|iPhone
		{9695C41F-387A-43F4-842F-820509A6E98F}.Debug|iPhone.ActiveCfg = Debug|iPhone
		{9695C41F-387A-43F4-842F-820509A6E98F}.Debug|iPhone.Build.0 = Debug|iPhone
		{9695C41F-387A-43F4-842F-820509A6E98F}.Debug|iPhoneSimulator.ActiveCfg = Debug|iPhoneSimulator
		{9695C41F-387A-43F4-842F-820509A6E98F}.Debug|iPhoneSimulator.Build.0 = Debug|iPhoneSimulator
		{9695C41F-387A-43F4-842F-820509A6E98F}.Debug|x64.ActiveCfg = Debug|iPhone
		{9695C41F-387A-43F4-842F-820509A6E98F}.Debug|x86.ActiveCfg = Debug|iPhone
		{9695C41F-387A-43F4-842F-820509A6E98F}.Release|Any CPU.ActiveCfg = Release|iPhone
		{9695C41F-387A-43F4-842F-820509A6E98F}.Release|ARM.ActiveCfg = Release|iPhone
		{9695C41F-387A-43F4-842F-820509A6E98F}.Release|iPhone.ActiveCfg = Release|iPhone
		{9695C41F-387A-43F4-842F-820509A6E98F}.Release|iPhone.Build.0 = Release|iPhone
		{9695C41F-387A-43F4-842F-820509A6E98F}.Release|iPhoneSimulator.ActiveCfg = Release|iPhoneSimulator
		{9695C41F-387A-43F4-842F-820509A6E98F}.Release|iPhoneSimulator.Build.0 = Release|iPhoneSimulator
		{9695C41F-387A-43F4-842F-820509A6E98F}.Release|x64.ActiveCfg = Release|iPhone
		{9695C41F-387A-43F4-842F-820509A6E98F}.Release|x86.ActiveCfg = Release|iPhone
		{A97C1F25-47F0-4C68-9FD6-975F696BB452}.Ad-Hoc|Any CPU.ActiveCfg = Release|Any CPU
		{A97C1F25-47F0-4C68-9FD6-975F696BB452}.Ad-Hoc|Any CPU.Build.0 = Release|Any CPU
		{A97C1F25-47F0-4C68-9FD6-975F696BB452}.Ad-Hoc|Any CPU.Deploy.0 = Release|Any CPU
		{A97C1F25-47F0-4C68-9FD6-975F696BB452}.Ad-Hoc|ARM.ActiveCfg = Release|ARM
		{A97C1F25-47F0-4C68-9FD6-975F696BB452}.Ad-Hoc|ARM.Build.0 = Release|ARM
		{A97C1F25-47F0-4C68-9FD6-975F696BB452}.Ad-Hoc|ARM.Deploy.0 = Release|ARM
		{A97C1F25-47F0-4C68-9FD6-975F696BB452}.Ad-Hoc|iPhone.ActiveCfg = Release|Any CPU
		{A97C1F25-47F0-4C68-9FD6-975F696BB452}.Ad-Hoc|iPhone.Build.0 = Release|Any CPU
		{A97C1F25-47F0-4C68-9FD6-975F696BB452}.Ad-Hoc|iPhone.Deploy.0 = Release|Any CPU
		{A97C1F25-47F0-4C68-9FD6-975F696BB452}.Ad-Hoc|iPhoneSimulator.ActiveCfg = Release|Any CPU
		{A97C1F25-47F0-4C68-9FD6-975F696BB452}.Ad-Hoc|iPhoneSimulator.Build.0 = Release|Any CPU
		{A97C1F25-47F0-4C68-9FD6-975F696BB452}.Ad-Hoc|iPhoneSimulator.Deploy.0 = Release|Any CPU
		{A97C1F25-47F0-4C68-9FD6-975F696BB452}.Ad-Hoc|x64.ActiveCfg = Release|Any CPU
		{A97C1F25-47F0-4C68-9FD6-975F696BB452}.Ad-Hoc|x64.Build.0 = Release|Any CPU
		{A97C1F25-47F0-4C68-9FD6-975F696BB452}.Ad-Hoc|x64.Deploy.0 = Release|Any CPU
		{A97C1F25-47F0-4C68-9FD6-975F696BB452}.Ad-Hoc|x86.ActiveCfg = Release|x86
		{A97C1F25-47F0-4C68-9FD6-975F696BB452}.Ad-Hoc|x86.Build.0 = Release|x86
		{A97C1F25-47F0-4C68-9FD6-975F696BB452}.Ad-Hoc|x86.Deploy.0 = Release|x86
		{A97C1F25-47F0-4C68-9FD6-975F696BB452}.AppStore|Any CPU.ActiveCfg = Release|Any CPU
		{A97C1F25-47F0-4C68-9FD6-975F696BB452}.AppStore|Any CPU.Build.0 = Release|Any CPU
		{A97C1F25-47F0-4C68-9FD6-975F696BB452}.AppStore|Any CPU.Deploy.0 = Release|Any CPU
		{A97C1F25-47F0-4C68-9FD6-975F696BB452}.AppStore|ARM.ActiveCfg = Release|ARM
		{A97C1F25-47F0-4C68-9FD6-975F696BB452}.AppStore|ARM.Build.0 = Release|ARM
		{A97C1F25-47F0-4C68-9FD6-975F696BB452}.AppStore|ARM.Deploy.0 = Release|ARM
		{A97C1F25-47F0-4C68-9FD6-975F696BB452}.AppStore|iPhone.ActiveCfg = Release|Any CPU
		{A97C1F25-47F0-4C68-9FD6-975F696BB452}.AppStore|iPhone.Build.0 = Release|Any CPU
		{A97C1F25-47F0-4C68-9FD6-975F696BB452}.AppStore|iPhone.Deploy.0 = Release|Any CPU
		{A97C1F25-47F0-4C68-9FD6-975F696BB452}.AppStore|iPhoneSimulator.ActiveCfg = Release|Any CPU
		{A97C1F25-47F0-4C68-9FD6-975F696BB452}.AppStore|iPhoneSimulator.Build.0 = Release|Any CPU
		{A97C1F25-47F0-4C68-9FD6-975F696BB452}.AppStore|iPhoneSimulator.Deploy.0 = Release|Any CPU
		{A97C1F25-47F0-4C68-9FD6-975F696BB452}.AppStore|x64.ActiveCfg = Release|Any CPU
		{A97C1F25-47F0-4C68-9FD6-975F696BB452}.AppStore|x64.Build.0 = Release|Any CPU
		{A97C1F25-47F0-4C68-9FD6-975F696BB452}.AppStore|x64.Deploy.0 = Release|Any CPU
		{A97C1F25-47F0-4C68-9FD6-975F696BB452}.AppStore|x86.ActiveCfg = Release|x86
		{A97C1F25-47F0-4C68-9FD6-975F696BB452}.AppStore|x86.Build.0 = Release|x86
		{A97C1F25-47F0-4C68-9FD6-975F696BB452}.AppStore|x86.Deploy.0 = Release|x86
		{A97C1F25-47F0-4C68-9FD6-975F696BB452}.Debug|Any CPU.ActiveCfg = Debug|Any CPU
		{A97C1F25-47F0-4C68-9FD6-975F696BB452}.Debug|Any CPU.Build.0 = Debug|Any CPU
		{A97C1F25-47F0-4C68-9FD6-975F696BB452}.Debug|Any CPU.Deploy.0 = Debug|Any CPU
		{A97C1F25-47F0-4C68-9FD6-975F696BB452}.Debug|ARM.ActiveCfg = Debug|ARM
		{A97C1F25-47F0-4C68-9FD6-975F696BB452}.Debug|ARM.Build.0 = Debug|ARM
		{A97C1F25-47F0-4C68-9FD6-975F696BB452}.Debug|ARM.Deploy.0 = Debug|ARM
		{A97C1F25-47F0-4C68-9FD6-975F696BB452}.Debug|iPhone.ActiveCfg = Debug|Any CPU
		{A97C1F25-47F0-4C68-9FD6-975F696BB452}.Debug|iPhone.Build.0 = Debug|Any CPU
		{A97C1F25-47F0-4C68-9FD6-975F696BB452}.Debug|iPhone.Deploy.0 = Debug|Any CPU
		{A97C1F25-47F0-4C68-9FD6-975F696BB452}.Debug|iPhoneSimulator.ActiveCfg = Debug|Any CPU
		{A97C1F25-47F0-4C68-9FD6-975F696BB452}.Debug|iPhoneSimulator.Build.0 = Debug|Any CPU
		{A97C1F25-47F0-4C68-9FD6-975F696BB452}.Debug|iPhoneSimulator.Deploy.0 = Debug|Any CPU
		{A97C1F25-47F0-4C68-9FD6-975F696BB452}.Debug|x64.ActiveCfg = Debug|Any CPU
		{A97C1F25-47F0-4C68-9FD6-975F696BB452}.Debug|x64.Build.0 = Debug|Any CPU
		{A97C1F25-47F0-4C68-9FD6-975F696BB452}.Debug|x64.Deploy.0 = Debug|Any CPU
		{A97C1F25-47F0-4C68-9FD6-975F696BB452}.Debug|x86.ActiveCfg = Debug|x86
		{A97C1F25-47F0-4C68-9FD6-975F696BB452}.Debug|x86.Build.0 = Debug|x86
		{A97C1F25-47F0-4C68-9FD6-975F696BB452}.Debug|x86.Deploy.0 = Debug|x86
		{A97C1F25-47F0-4C68-9FD6-975F696BB452}.Release|Any CPU.ActiveCfg = Release|Any CPU
		{A97C1F25-47F0-4C68-9FD6-975F696BB452}.Release|Any CPU.Build.0 = Release|Any CPU
		{A97C1F25-47F0-4C68-9FD6-975F696BB452}.Release|Any CPU.Deploy.0 = Release|Any CPU
		{A97C1F25-47F0-4C68-9FD6-975F696BB452}.Release|ARM.ActiveCfg = Release|ARM
		{A97C1F25-47F0-4C68-9FD6-975F696BB452}.Release|ARM.Build.0 = Release|ARM
		{A97C1F25-47F0-4C68-9FD6-975F696BB452}.Release|ARM.Deploy.0 = Release|ARM
		{A97C1F25-47F0-4C68-9FD6-975F696BB452}.Release|iPhone.ActiveCfg = Release|Any CPU
		{A97C1F25-47F0-4C68-9FD6-975F696BB452}.Release|iPhone.Build.0 = Release|Any CPU
		{A97C1F25-47F0-4C68-9FD6-975F696BB452}.Release|iPhone.Deploy.0 = Release|Any CPU
		{A97C1F25-47F0-4C68-9FD6-975F696BB452}.Release|iPhoneSimulator.ActiveCfg = Release|Any CPU
		{A97C1F25-47F0-4C68-9FD6-975F696BB452}.Release|iPhoneSimulator.Build.0 = Release|Any CPU
		{A97C1F25-47F0-4C68-9FD6-975F696BB452}.Release|iPhoneSimulator.Deploy.0 = Release|Any CPU
		{A97C1F25-47F0-4C68-9FD6-975F696BB452}.Release|x64.ActiveCfg = Release|Any CPU
		{A97C1F25-47F0-4C68-9FD6-975F696BB452}.Release|x64.Build.0 = Release|Any CPU
		{A97C1F25-47F0-4C68-9FD6-975F696BB452}.Release|x64.Deploy.0 = Release|Any CPU
		{A97C1F25-47F0-4C68-9FD6-975F696BB452}.Release|x86.ActiveCfg = Release|x86
		{A97C1F25-47F0-4C68-9FD6-975F696BB452}.Release|x86.Build.0 = Release|x86
		{A97C1F25-47F0-4C68-9FD6-975F696BB452}.Release|x86.Deploy.0 = Release|x86
		{2E491A20-BB05-4DFF-876E-971412D08285}.Ad-Hoc|Any CPU.ActiveCfg = Release|x86
		{2E491A20-BB05-4DFF-876E-971412D08285}.Ad-Hoc|Any CPU.Build.0 = Release|x86
		{2E491A20-BB05-4DFF-876E-971412D08285}.Ad-Hoc|Any CPU.Deploy.0 = Release|x86
		{2E491A20-BB05-4DFF-876E-971412D08285}.Ad-Hoc|ARM.ActiveCfg = Release|ARM
		{2E491A20-BB05-4DFF-876E-971412D08285}.Ad-Hoc|ARM.Build.0 = Release|ARM
		{2E491A20-BB05-4DFF-876E-971412D08285}.Ad-Hoc|ARM.Deploy.0 = Release|ARM
		{2E491A20-BB05-4DFF-876E-971412D08285}.Ad-Hoc|iPhone.ActiveCfg = Release|x86
		{2E491A20-BB05-4DFF-876E-971412D08285}.Ad-Hoc|iPhone.Build.0 = Release|x86
		{2E491A20-BB05-4DFF-876E-971412D08285}.Ad-Hoc|iPhone.Deploy.0 = Release|x86
		{2E491A20-BB05-4DFF-876E-971412D08285}.Ad-Hoc|iPhoneSimulator.ActiveCfg = Release|x86
		{2E491A20-BB05-4DFF-876E-971412D08285}.Ad-Hoc|iPhoneSimulator.Build.0 = Release|x86
		{2E491A20-BB05-4DFF-876E-971412D08285}.Ad-Hoc|iPhoneSimulator.Deploy.0 = Release|x86
		{2E491A20-BB05-4DFF-876E-971412D08285}.Ad-Hoc|x64.ActiveCfg = Release|x64
		{2E491A20-BB05-4DFF-876E-971412D08285}.Ad-Hoc|x64.Build.0 = Release|x64
		{2E491A20-BB05-4DFF-876E-971412D08285}.Ad-Hoc|x64.Deploy.0 = Release|x64
		{2E491A20-BB05-4DFF-876E-971412D08285}.Ad-Hoc|x86.ActiveCfg = Release|x86
		{2E491A20-BB05-4DFF-876E-971412D08285}.Ad-Hoc|x86.Build.0 = Release|x86
		{2E491A20-BB05-4DFF-876E-971412D08285}.Ad-Hoc|x86.Deploy.0 = Release|x86
		{2E491A20-BB05-4DFF-876E-971412D08285}.AppStore|Any CPU.ActiveCfg = Release|x86
		{2E491A20-BB05-4DFF-876E-971412D08285}.AppStore|Any CPU.Build.0 = Release|x86
		{2E491A20-BB05-4DFF-876E-971412D08285}.AppStore|Any CPU.Deploy.0 = Release|x86
		{2E491A20-BB05-4DFF-876E-971412D08285}.AppStore|ARM.ActiveCfg = Release|ARM
		{2E491A20-BB05-4DFF-876E-971412D08285}.AppStore|ARM.Build.0 = Release|ARM
		{2E491A20-BB05-4DFF-876E-971412D08285}.AppStore|ARM.Deploy.0 = Release|ARM
		{2E491A20-BB05-4DFF-876E-971412D08285}.AppStore|iPhone.ActiveCfg = Release|x86
		{2E491A20-BB05-4DFF-876E-971412D08285}.AppStore|iPhone.Build.0 = Release|x86
		{2E491A20-BB05-4DFF-876E-971412D08285}.AppStore|iPhone.Deploy.0 = Release|x86
		{2E491A20-BB05-4DFF-876E-971412D08285}.AppStore|iPhoneSimulator.ActiveCfg = Release|x86
		{2E491A20-BB05-4DFF-876E-971412D08285}.AppStore|iPhoneSimulator.Build.0 = Release|x86
		{2E491A20-BB05-4DFF-876E-971412D08285}.AppStore|iPhoneSimulator.Deploy.0 = Release|x86
		{2E491A20-BB05-4DFF-876E-971412D08285}.AppStore|x64.ActiveCfg = Release|x64
		{2E491A20-BB05-4DFF-876E-971412D08285}.AppStore|x64.Build.0 = Release|x64
		{2E491A20-BB05-4DFF-876E-971412D08285}.AppStore|x64.Deploy.0 = Release|x64
		{2E491A20-BB05-4DFF-876E-971412D08285}.AppStore|x86.ActiveCfg = Release|x86
		{2E491A20-BB05-4DFF-876E-971412D08285}.AppStore|x86.Build.0 = Release|x86
		{2E491A20-BB05-4DFF-876E-971412D08285}.AppStore|x86.Deploy.0 = Release|x86
		{2E491A20-BB05-4DFF-876E-971412D08285}.Debug|Any CPU.ActiveCfg = Debug|x86
		{2E491A20-BB05-4DFF-876E-971412D08285}.Debug|ARM.ActiveCfg = Debug|ARM
		{2E491A20-BB05-4DFF-876E-971412D08285}.Debug|ARM.Build.0 = Debug|ARM
		{2E491A20-BB05-4DFF-876E-971412D08285}.Debug|ARM.Deploy.0 = Debug|ARM
		{2E491A20-BB05-4DFF-876E-971412D08285}.Debug|iPhone.ActiveCfg = Debug|x86
		{2E491A20-BB05-4DFF-876E-971412D08285}.Debug|iPhoneSimulator.ActiveCfg = Debug|x86
		{2E491A20-BB05-4DFF-876E-971412D08285}.Debug|x64.ActiveCfg = Debug|x64
		{2E491A20-BB05-4DFF-876E-971412D08285}.Debug|x64.Build.0 = Debug|x64
		{2E491A20-BB05-4DFF-876E-971412D08285}.Debug|x64.Deploy.0 = Debug|x64
		{2E491A20-BB05-4DFF-876E-971412D08285}.Debug|x86.ActiveCfg = Debug|x86
		{2E491A20-BB05-4DFF-876E-971412D08285}.Debug|x86.Build.0 = Debug|x86
		{2E491A20-BB05-4DFF-876E-971412D08285}.Debug|x86.Deploy.0 = Debug|x86
		{2E491A20-BB05-4DFF-876E-971412D08285}.Release|Any CPU.ActiveCfg = Release|x86
		{2E491A20-BB05-4DFF-876E-971412D08285}.Release|ARM.ActiveCfg = Release|ARM
		{2E491A20-BB05-4DFF-876E-971412D08285}.Release|ARM.Build.0 = Release|ARM
		{2E491A20-BB05-4DFF-876E-971412D08285}.Release|ARM.Deploy.0 = Release|ARM
		{2E491A20-BB05-4DFF-876E-971412D08285}.Release|iPhone.ActiveCfg = Release|x86
		{2E491A20-BB05-4DFF-876E-971412D08285}.Release|iPhoneSimulator.ActiveCfg = Release|x86
		{2E491A20-BB05-4DFF-876E-971412D08285}.Release|x64.ActiveCfg = Release|x64
		{2E491A20-BB05-4DFF-876E-971412D08285}.Release|x64.Build.0 = Release|x64
		{2E491A20-BB05-4DFF-876E-971412D08285}.Release|x64.Deploy.0 = Release|x64
		{2E491A20-BB05-4DFF-876E-971412D08285}.Release|x86.ActiveCfg = Release|x86
		{2E491A20-BB05-4DFF-876E-971412D08285}.Release|x86.Build.0 = Release|x86
		{2E491A20-BB05-4DFF-876E-971412D08285}.Release|x86.Deploy.0 = Release|x86
		{F0F69D16-F66A-44D8-99FD-E4DBD8945FBE}.Ad-Hoc|Any CPU.ActiveCfg = Release|Any CPU
		{F0F69D16-F66A-44D8-99FD-E4DBD8945FBE}.Ad-Hoc|Any CPU.Build.0 = Release|Any CPU
		{F0F69D16-F66A-44D8-99FD-E4DBD8945FBE}.Ad-Hoc|Any CPU.Deploy.0 = Release|Any CPU
		{F0F69D16-F66A-44D8-99FD-E4DBD8945FBE}.Ad-Hoc|ARM.ActiveCfg = Release|ARM
		{F0F69D16-F66A-44D8-99FD-E4DBD8945FBE}.Ad-Hoc|ARM.Build.0 = Release|ARM
		{F0F69D16-F66A-44D8-99FD-E4DBD8945FBE}.Ad-Hoc|ARM.Deploy.0 = Release|ARM
		{F0F69D16-F66A-44D8-99FD-E4DBD8945FBE}.Ad-Hoc|iPhone.ActiveCfg = Release|Any CPU
		{F0F69D16-F66A-44D8-99FD-E4DBD8945FBE}.Ad-Hoc|iPhone.Build.0 = Release|Any CPU
		{F0F69D16-F66A-44D8-99FD-E4DBD8945FBE}.Ad-Hoc|iPhone.Deploy.0 = Release|Any CPU
		{F0F69D16-F66A-44D8-99FD-E4DBD8945FBE}.Ad-Hoc|iPhoneSimulator.ActiveCfg = Release|Any CPU
		{F0F69D16-F66A-44D8-99FD-E4DBD8945FBE}.Ad-Hoc|iPhoneSimulator.Build.0 = Release|Any CPU
		{F0F69D16-F66A-44D8-99FD-E4DBD8945FBE}.Ad-Hoc|iPhoneSimulator.Deploy.0 = Release|Any CPU
		{F0F69D16-F66A-44D8-99FD-E4DBD8945FBE}.Ad-Hoc|x64.ActiveCfg = Release|x64
		{F0F69D16-F66A-44D8-99FD-E4DBD8945FBE}.Ad-Hoc|x64.Build.0 = Release|x64
		{F0F69D16-F66A-44D8-99FD-E4DBD8945FBE}.Ad-Hoc|x64.Deploy.0 = Release|x64
		{F0F69D16-F66A-44D8-99FD-E4DBD8945FBE}.Ad-Hoc|x86.ActiveCfg = Release|x86
		{F0F69D16-F66A-44D8-99FD-E4DBD8945FBE}.Ad-Hoc|x86.Build.0 = Release|x86
		{F0F69D16-F66A-44D8-99FD-E4DBD8945FBE}.Ad-Hoc|x86.Deploy.0 = Release|x86
		{F0F69D16-F66A-44D8-99FD-E4DBD8945FBE}.AppStore|Any CPU.ActiveCfg = Release|Any CPU
		{F0F69D16-F66A-44D8-99FD-E4DBD8945FBE}.AppStore|Any CPU.Build.0 = Release|Any CPU
		{F0F69D16-F66A-44D8-99FD-E4DBD8945FBE}.AppStore|Any CPU.Deploy.0 = Release|Any CPU
		{F0F69D16-F66A-44D8-99FD-E4DBD8945FBE}.AppStore|ARM.ActiveCfg = Release|ARM
		{F0F69D16-F66A-44D8-99FD-E4DBD8945FBE}.AppStore|ARM.Build.0 = Release|ARM
		{F0F69D16-F66A-44D8-99FD-E4DBD8945FBE}.AppStore|ARM.Deploy.0 = Release|ARM
		{F0F69D16-F66A-44D8-99FD-E4DBD8945FBE}.AppStore|iPhone.ActiveCfg = Release|Any CPU
		{F0F69D16-F66A-44D8-99FD-E4DBD8945FBE}.AppStore|iPhone.Build.0 = Release|Any CPU
		{F0F69D16-F66A-44D8-99FD-E4DBD8945FBE}.AppStore|iPhone.Deploy.0 = Release|Any CPU
		{F0F69D16-F66A-44D8-99FD-E4DBD8945FBE}.AppStore|iPhoneSimulator.ActiveCfg = Release|Any CPU
		{F0F69D16-F66A-44D8-99FD-E4DBD8945FBE}.AppStore|iPhoneSimulator.Build.0 = Release|Any CPU
		{F0F69D16-F66A-44D8-99FD-E4DBD8945FBE}.AppStore|iPhoneSimulator.Deploy.0 = Release|Any CPU
		{F0F69D16-F66A-44D8-99FD-E4DBD8945FBE}.AppStore|x64.ActiveCfg = Release|x64
		{F0F69D16-F66A-44D8-99FD-E4DBD8945FBE}.AppStore|x64.Build.0 = Release|x64
		{F0F69D16-F66A-44D8-99FD-E4DBD8945FBE}.AppStore|x64.Deploy.0 = Release|x64
		{F0F69D16-F66A-44D8-99FD-E4DBD8945FBE}.AppStore|x86.ActiveCfg = Release|x86
		{F0F69D16-F66A-44D8-99FD-E4DBD8945FBE}.AppStore|x86.Build.0 = Release|x86
		{F0F69D16-F66A-44D8-99FD-E4DBD8945FBE}.AppStore|x86.Deploy.0 = Release|x86
		{F0F69D16-F66A-44D8-99FD-E4DBD8945FBE}.Debug|Any CPU.ActiveCfg = Debug|Any CPU
		{F0F69D16-F66A-44D8-99FD-E4DBD8945FBE}.Debug|Any CPU.Build.0 = Debug|Any CPU
		{F0F69D16-F66A-44D8-99FD-E4DBD8945FBE}.Debug|Any CPU.Deploy.0 = Debug|Any CPU
		{F0F69D16-F66A-44D8-99FD-E4DBD8945FBE}.Debug|ARM.ActiveCfg = Debug|ARM
		{F0F69D16-F66A-44D8-99FD-E4DBD8945FBE}.Debug|ARM.Build.0 = Debug|ARM
		{F0F69D16-F66A-44D8-99FD-E4DBD8945FBE}.Debug|ARM.Deploy.0 = Debug|ARM
		{F0F69D16-F66A-44D8-99FD-E4DBD8945FBE}.Debug|iPhone.ActiveCfg = Debug|Any CPU
		{F0F69D16-F66A-44D8-99FD-E4DBD8945FBE}.Debug|iPhone.Build.0 = Debug|Any CPU
		{F0F69D16-F66A-44D8-99FD-E4DBD8945FBE}.Debug|iPhone.Deploy.0 = Debug|Any CPU
		{F0F69D16-F66A-44D8-99FD-E4DBD8945FBE}.Debug|iPhoneSimulator.ActiveCfg = Debug|Any CPU
		{F0F69D16-F66A-44D8-99FD-E4DBD8945FBE}.Debug|iPhoneSimulator.Build.0 = Debug|Any CPU
		{F0F69D16-F66A-44D8-99FD-E4DBD8945FBE}.Debug|iPhoneSimulator.Deploy.0 = Debug|Any CPU
		{F0F69D16-F66A-44D8-99FD-E4DBD8945FBE}.Debug|x64.ActiveCfg = Debug|x64
		{F0F69D16-F66A-44D8-99FD-E4DBD8945FBE}.Debug|x64.Build.0 = Debug|x64
		{F0F69D16-F66A-44D8-99FD-E4DBD8945FBE}.Debug|x64.Deploy.0 = Debug|x64
		{F0F69D16-F66A-44D8-99FD-E4DBD8945FBE}.Debug|x86.ActiveCfg = Debug|x86
		{F0F69D16-F66A-44D8-99FD-E4DBD8945FBE}.Debug|x86.Build.0 = Debug|x86
		{F0F69D16-F66A-44D8-99FD-E4DBD8945FBE}.Debug|x86.Deploy.0 = Debug|x86
		{F0F69D16-F66A-44D8-99FD-E4DBD8945FBE}.Release|Any CPU.ActiveCfg = Release|Any CPU
		{F0F69D16-F66A-44D8-99FD-E4DBD8945FBE}.Release|Any CPU.Build.0 = Release|Any CPU
		{F0F69D16-F66A-44D8-99FD-E4DBD8945FBE}.Release|Any CPU.Deploy.0 = Release|Any CPU
		{F0F69D16-F66A-44D8-99FD-E4DBD8945FBE}.Release|ARM.ActiveCfg = Release|ARM
		{F0F69D16-F66A-44D8-99FD-E4DBD8945FBE}.Release|ARM.Build.0 = Release|ARM
		{F0F69D16-F66A-44D8-99FD-E4DBD8945FBE}.Release|ARM.Deploy.0 = Release|ARM
		{F0F69D16-F66A-44D8-99FD-E4DBD8945FBE}.Release|iPhone.ActiveCfg = Release|Any CPU
		{F0F69D16-F66A-44D8-99FD-E4DBD8945FBE}.Release|iPhone.Build.0 = Release|Any CPU
		{F0F69D16-F66A-44D8-99FD-E4DBD8945FBE}.Release|iPhone.Deploy.0 = Release|Any CPU
		{F0F69D16-F66A-44D8-99FD-E4DBD8945FBE}.Release|iPhoneSimulator.ActiveCfg = Release|Any CPU
		{F0F69D16-F66A-44D8-99FD-E4DBD8945FBE}.Release|iPhoneSimulator.Build.0 = Release|Any CPU
		{F0F69D16-F66A-44D8-99FD-E4DBD8945FBE}.Release|iPhoneSimulator.Deploy.0 = Release|Any CPU
		{F0F69D16-F66A-44D8-99FD-E4DBD8945FBE}.Release|x64.ActiveCfg = Release|x64
		{F0F69D16-F66A-44D8-99FD-E4DBD8945FBE}.Release|x64.Build.0 = Release|x64
		{F0F69D16-F66A-44D8-99FD-E4DBD8945FBE}.Release|x64.Deploy.0 = Release|x64
		{F0F69D16-F66A-44D8-99FD-E4DBD8945FBE}.Release|x86.ActiveCfg = Release|x86
		{F0F69D16-F66A-44D8-99FD-E4DBD8945FBE}.Release|x86.Build.0 = Release|x86
		{F0F69D16-F66A-44D8-99FD-E4DBD8945FBE}.Release|x86.Deploy.0 = Release|x86
		{3EB8C1E3-7B52-47BC-8AC1-400A17983988}.Ad-Hoc|Any CPU.ActiveCfg = Release|Any CPU
		{3EB8C1E3-7B52-47BC-8AC1-400A17983988}.Ad-Hoc|Any CPU.Build.0 = Release|Any CPU
		{3EB8C1E3-7B52-47BC-8AC1-400A17983988}.Ad-Hoc|ARM.ActiveCfg = Release|Any CPU
		{3EB8C1E3-7B52-47BC-8AC1-400A17983988}.Ad-Hoc|ARM.Build.0 = Release|Any CPU
		{3EB8C1E3-7B52-47BC-8AC1-400A17983988}.Ad-Hoc|iPhone.ActiveCfg = Release|Any CPU
		{3EB8C1E3-7B52-47BC-8AC1-400A17983988}.Ad-Hoc|iPhone.Build.0 = Release|Any CPU
		{3EB8C1E3-7B52-47BC-8AC1-400A17983988}.Ad-Hoc|iPhoneSimulator.ActiveCfg = Release|Any CPU
		{3EB8C1E3-7B52-47BC-8AC1-400A17983988}.Ad-Hoc|iPhoneSimulator.Build.0 = Release|Any CPU
		{3EB8C1E3-7B52-47BC-8AC1-400A17983988}.Ad-Hoc|x64.ActiveCfg = Release|Any CPU
		{3EB8C1E3-7B52-47BC-8AC1-400A17983988}.Ad-Hoc|x64.Build.0 = Release|Any CPU
		{3EB8C1E3-7B52-47BC-8AC1-400A17983988}.Ad-Hoc|x86.ActiveCfg = Release|Any CPU
		{3EB8C1E3-7B52-47BC-8AC1-400A17983988}.Ad-Hoc|x86.Build.0 = Release|Any CPU
		{3EB8C1E3-7B52-47BC-8AC1-400A17983988}.AppStore|Any CPU.ActiveCfg = Release|Any CPU
		{3EB8C1E3-7B52-47BC-8AC1-400A17983988}.AppStore|Any CPU.Build.0 = Release|Any CPU
		{3EB8C1E3-7B52-47BC-8AC1-400A17983988}.AppStore|ARM.ActiveCfg = Release|Any CPU
		{3EB8C1E3-7B52-47BC-8AC1-400A17983988}.AppStore|ARM.Build.0 = Release|Any CPU
		{3EB8C1E3-7B52-47BC-8AC1-400A17983988}.AppStore|iPhone.ActiveCfg = Release|Any CPU
		{3EB8C1E3-7B52-47BC-8AC1-400A17983988}.AppStore|iPhone.Build.0 = Release|Any CPU
		{3EB8C1E3-7B52-47BC-8AC1-400A17983988}.AppStore|iPhoneSimulator.ActiveCfg = Release|Any CPU
		{3EB8C1E3-7B52-47BC-8AC1-400A17983988}.AppStore|iPhoneSimulator.Build.0 = Release|Any CPU
		{3EB8C1E3-7B52-47BC-8AC1-400A17983988}.AppStore|x64.ActiveCfg = Release|Any CPU
		{3EB8C1E3-7B52-47BC-8AC1-400A17983988}.AppStore|x64.Build.0 = Release|Any CPU
		{3EB8C1E3-7B52-47BC-8AC1-400A17983988}.AppStore|x86.ActiveCfg = Release|Any CPU
		{3EB8C1E3-7B52-47BC-8AC1-400A17983988}.AppStore|x86.Build.0 = Release|Any CPU
		{3EB8C1E3-7B52-47BC-8AC1-400A17983988}.Debug|Any CPU.ActiveCfg = Debug|Any CPU
		{3EB8C1E3-7B52-47BC-8AC1-400A17983988}.Debug|Any CPU.Build.0 = Debug|Any CPU
		{3EB8C1E3-7B52-47BC-8AC1-400A17983988}.Debug|ARM.ActiveCfg = Debug|Any CPU
		{3EB8C1E3-7B52-47BC-8AC1-400A17983988}.Debug|ARM.Build.0 = Debug|Any CPU
		{3EB8C1E3-7B52-47BC-8AC1-400A17983988}.Debug|iPhone.ActiveCfg = Debug|Any CPU
		{3EB8C1E3-7B52-47BC-8AC1-400A17983988}.Debug|iPhone.Build.0 = Debug|Any CPU
		{3EB8C1E3-7B52-47BC-8AC1-400A17983988}.Debug|iPhoneSimulator.ActiveCfg = Debug|Any CPU
		{3EB8C1E3-7B52-47BC-8AC1-400A17983988}.Debug|iPhoneSimulator.Build.0 = Debug|Any CPU
		{3EB8C1E3-7B52-47BC-8AC1-400A17983988}.Debug|x64.ActiveCfg = Debug|Any CPU
		{3EB8C1E3-7B52-47BC-8AC1-400A17983988}.Debug|x64.Build.0 = Debug|Any CPU
		{3EB8C1E3-7B52-47BC-8AC1-400A17983988}.Debug|x86.ActiveCfg = Debug|Any CPU
		{3EB8C1E3-7B52-47BC-8AC1-400A17983988}.Debug|x86.Build.0 = Debug|Any CPU
		{3EB8C1E3-7B52-47BC-8AC1-400A17983988}.Release|Any CPU.ActiveCfg = Release|Any CPU
		{3EB8C1E3-7B52-47BC-8AC1-400A17983988}.Release|Any CPU.Build.0 = Release|Any CPU
		{3EB8C1E3-7B52-47BC-8AC1-400A17983988}.Release|ARM.ActiveCfg = Release|Any CPU
		{3EB8C1E3-7B52-47BC-8AC1-400A17983988}.Release|ARM.Build.0 = Release|Any CPU
		{3EB8C1E3-7B52-47BC-8AC1-400A17983988}.Release|iPhone.ActiveCfg = Release|Any CPU
		{3EB8C1E3-7B52-47BC-8AC1-400A17983988}.Release|iPhone.Build.0 = Release|Any CPU
		{3EB8C1E3-7B52-47BC-8AC1-400A17983988}.Release|iPhoneSimulator.ActiveCfg = Release|Any CPU
		{3EB8C1E3-7B52-47BC-8AC1-400A17983988}.Release|iPhoneSimulator.Build.0 = Release|Any CPU
		{3EB8C1E3-7B52-47BC-8AC1-400A17983988}.Release|x64.ActiveCfg = Release|Any CPU
		{3EB8C1E3-7B52-47BC-8AC1-400A17983988}.Release|x64.Build.0 = Release|Any CPU
		{3EB8C1E3-7B52-47BC-8AC1-400A17983988}.Release|x86.ActiveCfg = Release|Any CPU
		{3EB8C1E3-7B52-47BC-8AC1-400A17983988}.Release|x86.Build.0 = Release|Any CPU
	EndGlobalSection
	GlobalSection(SolutionProperties) = preSolution
		HideSolutionNode = FALSE
	EndGlobalSection
EndGlobal
